
Microsoft Visual Studio Solution File, Format Version 12.00
# Visual Studio Version 16
VisualStudioVersion = 16.0.28922.388
MinimumVisualStudioVersion = 10.0.40219.1
Project("{FAE04EC0-301F-11D3-BF4B-00C04F79EFBC}") = "Intern", "Intern\Intern.csproj", "{59D7FED1-1D8E-4616-83F5-9FB967E6028B}"
EndProject
Global
	GlobalSection(SolutionConfigurationPlatforms) = preSolution
		Debug|Any CPU = Debug|Any CPU
		Release|Any CPU = Release|Any CPU
	EndGlobalSection
	GlobalSection(ProjectConfigurationPlatforms) = postSolution
		{59D7FED1-1D8E-4616-83F5-9FB967E6028B}.Debug|Any CPU.ActiveCfg = Debug|Any CPU
		{59D7FED1-1D8E-4616-83F5-9FB967E6028B}.Debug|Any CPU.Build.0 = Debug|Any CPU
		{59D7FED1-1D8E-4616-83F5-9FB967E6028B}.Release|Any CPU.ActiveCfg = Release|Any CPU
		{59D7FED1-1D8E-4616-83F5-9FB967E6028B}.Release|Any CPU.Build.0 = Release|Any CPU
	EndGlobalSection
	GlobalSection(SolutionProperties) = preSolution
		HideSolutionNode = FALSE
	EndGlobalSection
	GlobalSection(ExtensibilityGlobals) = postSolution
		SolutionGuid = {2E28F45D-76B3-4C78-B8C8-A858372C8B41}
	EndGlobalSection
EndGlobal
